<?xml version="1.0" encoding="utf-8"?>
<Project ToolsVersion="4.0" xmlns="http://schemas.microsoft.com/developer/msbuild/2003">
  <ItemGroup>
    <Filter Include="Source Files">
      <UniqueIdentifier>{4FC737F1-C7A5-4376-A066-2A32D752A2FF}</UniqueIdentifier>
      <Extensions>cpp;c;cc;cxx;def;odl;idl;hpj;bat;asm;asmx</Extensions>
    </Filter>
    <Filter Include="Header Files">
      <UniqueIdentifier>{93995380-89BD-4b04-88EB-625FBE52EBFB}</UniqueIdentifier>
      <Extensions>h;hh;hpp;hxx;hm;inl;inc;xsd</Extensions>
    </Filter>
    <Filter Include="Resource Files">
      <UniqueIdentifier>{67DA6AB6-F800-4c08-8B7A-83BB121AAD01}</UniqueIdentifier>
      <Extensions>rc;ico;cur;bmp;dlg;rc2;rct;bin;rgs;gif;jpg;jpeg;jpe;resx;tiff;tif;png;wav;mfcribbon-ms</Extensions>
    </Filter>
    <Filter Include="Header Files\textures">
      <UniqueIdentifier>{0e52be87-ec5c-451a-811e-1ae4a633fee9}</UniqueIdentifier>
    </Filter>
    <Filter Include="Header Files\models">
      <UniqueIdentifier>{7068f44c-cb4d-4fc0-ab5a-eea0ac87e6ad}</UniqueIdentifier>
    </Filter>
    <Filter Include="Header Files\animation">
      <UniqueIdentifier>{cc40e273-d603-467f-816f-810b8a88fcd6}</UniqueIdentifier>
    </Filter>
    <Filter Include="Header Files\AnimatedModel">
      <UniqueIdentifier>{5ef7dbc0-6f93-4cc6-8031-b9714cc087eb}</UniqueIdentifier>
    </Filter>
    <Filter Include="Header Files\helper">
      <UniqueIdentifier>{4d4feb22-81ab-4116-ac78-20ba3516d030}</UniqueIdentifier>
    </Filter>
    <Filter Include="Source Files\Animation">
      <UniqueIdentifier>{feb959b8-cc67-4140-957a-2e0286ffa7a0}</UniqueIdentifier>
    </Filter>
    <Filter Include="Source Files\AnimatedModel">
      <UniqueIdentifier>{b2d196f4-25f3-4636-b47f-866d55736a57}</UniqueIdentifier>
    </Filter>
    <Filter Include="Source Files\Model">
      <UniqueIdentifier>{b1bbf9c4-faf2-478b-9c3f-4542f6d3adc9}</UniqueIdentifier>
    </Filter>
  </ItemGroup>
  <ItemGroup>
    <ClCompile Include="main.cpp">
      <Filter>Source Files</Filter>
    </ClCompile>
    <ClCompile Include="maths_funcs.cpp">
      <Filter>Source Files</Filter>
    </ClCompile>
    <ClCompile Include="camera.cpp">
      <Filter>Source Files</Filter>
    </ClCompile>
    <ClCompile Include="renderer.cpp">
      <Filter>Source Files</Filter>
    </ClCompile>
    <ClCompile Include="utility.cpp">
      <Filter>Source Files</Filter>
    </ClCompile>
    <ClCompile Include="joint.cpp">
      <Filter>Source Files\AnimatedModel</Filter>
    </ClCompile>
    <ClCompile Include="animated_model.cpp">
      <Filter>Source Files\AnimatedModel</Filter>
    </ClCompile>
    <ClCompile Include="quaternion.cpp">
      <Filter>Source Files\Animation</Filter>
    </ClCompile>
    <ClCompile Include="model.cpp">
      <Filter>Source Files\Model</Filter>
    </ClCompile>
    <ClCompile Include="skybox.cpp">
      <Filter>Source Files\Model</Filter>
    </ClCompile>
    <ClCompile Include="terrain.cpp">
      <Filter>Source Files\Model</Filter>
    </ClCompile>
  </ItemGroup>
  <ItemGroup>
    <ClInclude Include="model.h">
      <Filter>Header Files</Filter>
    </ClInclude>
    <ClInclude Include="model_texture.h">
      <Filter>Header Files\textures</Filter>
    </ClInclude>
    <ClInclude Include="raw_model.h">
      <Filter>Header Files\models</Filter>
    </ClInclude>
    <ClInclude Include="TexturedModel.h">
      <Filter>Header Files\models</Filter>
    </ClInclude>
    <ClInclude Include="animation.h">
      <Filter>Header Files\animation</Filter>
    </ClInclude>
    <ClInclude Include="animator.h">
      <Filter>Header Files\animation</Filter>
    </ClInclude>
    <ClInclude Include="key_frame.h">
      <Filter>Header Files\animation</Filter>
    </ClInclude>
    <ClInclude Include="quaternion.h">
      <Filter>Header Files\animation</Filter>
    </ClInclude>
    <ClInclude Include="joint_transform.h">
      <Filter>Header Files\animation</Filter>
    </ClInclude>
    <ClInclude Include="joint.h">
      <Filter>Header Files\AnimatedModel</Filter>
    </ClInclude>
    <ClInclude Include="animated_model.h">
      <Filter>Header Files\AnimatedModel</Filter>
    </ClInclude>
    <ClInclude Include="texture.h">
      <Filter>Header Files\textures</Filter>
    </ClInclude>
    <ClInclude Include="camera.h">
      <Filter>Header Files</Filter>
    </ClInclude>
    <ClInclude Include="stb_image.h">
      <Filter>Header Files\helper</Filter>
    </ClInclude>
    <ClInclude Include="renderer.h">
      <Filter>Header Files</Filter>
    </ClInclude>
    <ClInclude Include="skybox.h">
      <Filter>Header Files</Filter>
    </ClInclude>
    <ClInclude Include="utility.h">
      <Filter>Header Files</Filter>
    </ClInclude>
    <ClInclude Include="terrain.h">
      <Filter>Header Files</Filter>
    </ClInclude>
    <ClInclude Include="maths_funcs.h">
      <Filter>Header Files</Filter>
    </ClInclude>
    <ClInclude Include="bone.h">
      <Filter>Header Files</Filter>
    </ClInclude>
    <ClInclude Include="helper.h">
      <Filter>Header Files</Filter>
    </ClInclude>
  </ItemGroup>
</Project>